// !$*UTF8*$!
{
	archiveVersion = 1;
	classes = {
	};
	objectVersion = 50;
	objects = {

/* Begin PBXBuildFile section */
		831F2CED2276977400CA2226 /* AppDelegate.swift in Sources */ = {isa = PBXBuildFile; fileRef = 831F2CEC2276977400CA2226 /* AppDelegate.swift */; };
		831F2CEF2276977400CA2226 /* HomeController.swift in Sources */ = {isa = PBXBuildFile; fileRef = 831F2CEE2276977400CA2226 /* HomeController.swift */; };
		831F2CF42276977600CA2226 /* Assets.xcassets in Resources */ = {isa = PBXBuildFile; fileRef = 831F2CF32276977600CA2226 /* Assets.xcassets */; };
		831F2CF72276977600CA2226 /* LaunchScreen.storyboard in Resources */ = {isa = PBXBuildFile; fileRef = 831F2CF52276977600CA2226 /* LaunchScreen.storyboard */; };
		831F2D022276977600CA2226 /* HeaderViewTests.swift in Sources */ = {isa = PBXBuildFile; fileRef = 831F2D012276977600CA2226 /* HeaderViewTests.swift */; };
		831F2D0E2276983600CA2226 /* Coordinator.swift in Sources */ = {isa = PBXBuildFile; fileRef = 831F2D0D2276983600CA2226 /* Coordinator.swift */; };
		831F2D102276989F00CA2226 /* MainCoordinator.swift in Sources */ = {isa = PBXBuildFile; fileRef = 831F2D0F2276989F00CA2226 /* MainCoordinator.swift */; };
		831F2D1322769B2D00CA2226 /* HomeView.swift in Sources */ = {isa = PBXBuildFile; fileRef = 831F2D1222769B2D00CA2226 /* HomeView.swift */; };
		831F2D1622769DDF00CA2226 /* Header.swift in Sources */ = {isa = PBXBuildFile; fileRef = 831F2D1522769DDF00CA2226 /* Header.swift */; };
		831F2D1922769E1D00CA2226 /* UILabel+Factory.swift in Sources */ = {isa = PBXBuildFile; fileRef = 831F2D1822769E1D00CA2226 /* UILabel+Factory.swift */; };
		831F2D1C22769E7D00CA2226 /* UIView+Extensions.swift in Sources */ = {isa = PBXBuildFile; fileRef = 831F2D1B22769E7D00CA2226 /* UIView+Extensions.swift */; };
		831F2D1E2276AADA00CA2226 /* UIButton+Factorty.swift in Sources */ = {isa = PBXBuildFile; fileRef = 831F2D1D2276AADA00CA2226 /* UIButton+Factorty.swift */; };
		834B251C227BB15100EFC1E0 /* EditActivityCoordinator.swift in Sources */ = {isa = PBXBuildFile; fileRef = 834B251B227BB15100EFC1E0 /* EditActivityCoordinator.swift */; };
		834B251E227BB1A300EFC1E0 /* EditActivityController.swift in Sources */ = {isa = PBXBuildFile; fileRef = 834B251D227BB1A300EFC1E0 /* EditActivityController.swift */; };
		834B2521227BC85400EFC1E0 /* EditActivityView.swift in Sources */ = {isa = PBXBuildFile; fileRef = 834B2520227BC85400EFC1E0 /* EditActivityView.swift */; };
		834B2523227BC96200EFC1E0 /* UITextField+Factory.swift in Sources */ = {isa = PBXBuildFile; fileRef = 834B2522227BC96200EFC1E0 /* UITextField+Factory.swift */; };
		834B2525227BD94000EFC1E0 /* AddActivityController.swift in Sources */ = {isa = PBXBuildFile; fileRef = 834B2524227BD94000EFC1E0 /* AddActivityController.swift */; };
		834B2528227BD95E00EFC1E0 /* AddActivityView.swift in Sources */ = {isa = PBXBuildFile; fileRef = 834B2527227BD95E00EFC1E0 /* AddActivityView.swift */; };
		834B252A227BDBCF00EFC1E0 /* AddActivityCoordinator.swift in Sources */ = {isa = PBXBuildFile; fileRef = 834B2529227BDBCF00EFC1E0 /* AddActivityCoordinator.swift */; };
		839047B4228A63CA00C6EB99 /* UITextField+Extensions.swift in Sources */ = {isa = PBXBuildFile; fileRef = 839047B3228A63CA00C6EB99 /* UITextField+Extensions.swift */; };
		83B484562283954E002EA854 /* TripEditor.swift in Sources */ = {isa = PBXBuildFile; fileRef = 83B484552283954E002EA854 /* TripEditor.swift */; };
		83B484582283E352002EA854 /* DataManager.swift in Sources */ = {isa = PBXBuildFile; fileRef = 83B484572283E352002EA854 /* DataManager.swift */; };
		83DB9027227E4093003A68DE /* AddTripView.swift in Sources */ = {isa = PBXBuildFile; fileRef = 83DB9026227E4093003A68DE /* AddTripView.swift */; };
		83DB902C227EA84C003A68DE /* DateFormatter+Factory.swift in Sources */ = {isa = PBXBuildFile; fileRef = 83DB902B227EA84C003A68DE /* DateFormatter+Factory.swift */; };
		83DB902E227EAB8B003A68DE /* DatePicker+Factory.swift in Sources */ = {isa = PBXBuildFile; fileRef = 83DB902D227EAB8B003A68DE /* DatePicker+Factory.swift */; };
		83DB9030227EB313003A68DE /* ToolBar+Factory.swift in Sources */ = {isa = PBXBuildFile; fileRef = 83DB902F227EB313003A68DE /* ToolBar+Factory.swift */; };
		83DB903322811CBF003A68DE /* TextFieldTypes.swift in Sources */ = {isa = PBXBuildFile; fileRef = 83DB903222811CBF003A68DE /* TextFieldTypes.swift */; };
		83DB903522811D43003A68DE /* TextFieldValidators.swift in Sources */ = {isa = PBXBuildFile; fileRef = 83DB903422811D43003A68DE /* TextFieldValidators.swift */; };
		83E11A21228F65C300F0DC91 /* UIVIewController+Extensions.swift in Sources */ = {isa = PBXBuildFile; fileRef = 83E11A20228F65C300F0DC91 /* UIVIewController+Extensions.swift */; };
		83E20B31228CB8E000CEAA95 /* String+Extensions.swift in Sources */ = {isa = PBXBuildFile; fileRef = 83E20B30228CB8E000CEAA95 /* String+Extensions.swift */; };
		83E20B34228CEA9500CEAA95 /* Colors.swift in Sources */ = {isa = PBXBuildFile; fileRef = 83E20B33228CEA9500CEAA95 /* Colors.swift */; };
		83E20B36228CED4800CEAA95 /* Fonts.swift in Sources */ = {isa = PBXBuildFile; fileRef = 83E20B35228CED4800CEAA95 /* Fonts.swift */; };
		83E20B38228CF2FC00CEAA95 /* OverlayViewFactory.swift in Sources */ = {isa = PBXBuildFile; fileRef = 83E20B37228CF2FC00CEAA95 /* OverlayViewFactory.swift */; };
		83E20B3C228D0FD800CEAA95 /* UIImageView+Extensions.swift in Sources */ = {isa = PBXBuildFile; fileRef = 83E20B3B228D0FD800CEAA95 /* UIImageView+Extensions.swift */; };
		83E20B3E228D110300CEAA95 /* UIImageViewFactory.swift in Sources */ = {isa = PBXBuildFile; fileRef = 83E20B3D228D110300CEAA95 /* UIImageViewFactory.swift */; };
		83FA67A72277B20B00250D4D /* Trip.swift in Sources */ = {isa = PBXBuildFile; fileRef = 83FA67A62277B20B00250D4D /* Trip.swift */; };
		83FA67A92277D09F00250D4D /* AddTripCoordinator.swift in Sources */ = {isa = PBXBuildFile; fileRef = 83FA67A82277D09F00250D4D /* AddTripCoordinator.swift */; };
		83FA67AB2277D11E00250D4D /* AddTripController.swift in Sources */ = {isa = PBXBuildFile; fileRef = 83FA67AA2277D11E00250D4D /* AddTripController.swift */; };
		83FA67AF22792AA500250D4D /* EmptyView.swift in Sources */ = {isa = PBXBuildFile; fileRef = 83FA67AE22792AA500250D4D /* EmptyView.swift */; };
		83FA67B2227A2A7100250D4D /* TripsDataSource.swift in Sources */ = {isa = PBXBuildFile; fileRef = 83FA67B1227A2A7100250D4D /* TripsDataSource.swift */; };
		83FA67B4227A4CCF00250D4D /* TripOverviewCoordinator.swift in Sources */ = {isa = PBXBuildFile; fileRef = 83FA67B3227A4CCF00250D4D /* TripOverviewCoordinator.swift */; };
		83FA67B6227A4D1200250D4D /* TripOverviewController.swift in Sources */ = {isa = PBXBuildFile; fileRef = 83FA67B5227A4D1200250D4D /* TripOverviewController.swift */; };
		83FA67B8227A584700250D4D /* TripCell.swift in Sources */ = {isa = PBXBuildFile; fileRef = 83FA67B7227A584700250D4D /* TripCell.swift */; };
		83FA67BB227A60F500250D4D /* TripOverviewView.swift in Sources */ = {isa = PBXBuildFile; fileRef = 83FA67BA227A60F500250D4D /* TripOverviewView.swift */; };
		83FA67BD227A6EDE00250D4D /* Activity.swift in Sources */ = {isa = PBXBuildFile; fileRef = 83FA67BC227A6EDE00250D4D /* Activity.swift */; };
		83FA67BF227A720A00250D4D /* ActivityDataSource.swift in Sources */ = {isa = PBXBuildFile; fileRef = 83FA67BE227A720A00250D4D /* ActivityDataSource.swift */; };
		83FA67C1227A736500250D4D /* ActivityCell.swift in Sources */ = {isa = PBXBuildFile; fileRef = 83FA67C0227A736500250D4D /* ActivityCell.swift */; };
/* End PBXBuildFile section */

/* Begin PBXContainerItemProxy section */
		831F2CFE2276977600CA2226 /* PBXContainerItemProxy */ = {
			isa = PBXContainerItemProxy;
			containerPortal = 831F2CE12276977400CA2226 /* Project object */;
			proxyType = 1;
			remoteGlobalIDString = 831F2CE82276977400CA2226;
			remoteInfo = TravelPlanner;
		};
/* End PBXContainerItemProxy section */

/* Begin PBXFileReference section */
		831F2CE92276977400CA2226 /* TravelPlanner.app */ = {isa = PBXFileReference; explicitFileType = wrapper.application; includeInIndex = 0; path = TravelPlanner.app; sourceTree = BUILT_PRODUCTS_DIR; };
		831F2CEC2276977400CA2226 /* AppDelegate.swift */ = {isa = PBXFileReference; lastKnownFileType = sourcecode.swift; path = AppDelegate.swift; sourceTree = "<group>"; };
		831F2CEE2276977400CA2226 /* HomeController.swift */ = {isa = PBXFileReference; lastKnownFileType = sourcecode.swift; path = HomeController.swift; sourceTree = "<group>"; };
		831F2CF32276977600CA2226 /* Assets.xcassets */ = {isa = PBXFileReference; lastKnownFileType = folder.assetcatalog; path = Assets.xcassets; sourceTree = "<group>"; };
		831F2CF62276977600CA2226 /* Base */ = {isa = PBXFileReference; lastKnownFileType = file.storyboard; name = Base; path = Base.lproj/LaunchScreen.storyboard; sourceTree = "<group>"; };
		831F2CF82276977600CA2226 /* Info.plist */ = {isa = PBXFileReference; lastKnownFileType = text.plist.xml; path = Info.plist; sourceTree = "<group>"; };
		831F2CFD2276977600CA2226 /* TravelPlannerTests.xctest */ = {isa = PBXFileReference; explicitFileType = wrapper.cfbundle; includeInIndex = 0; path = TravelPlannerTests.xctest; sourceTree = BUILT_PRODUCTS_DIR; };
		831F2D012276977600CA2226 /* HeaderViewTests.swift */ = {isa = PBXFileReference; lastKnownFileType = sourcecode.swift; path = HeaderViewTests.swift; sourceTree = "<group>"; };
		831F2D032276977600CA2226 /* Info.plist */ = {isa = PBXFileReference; lastKnownFileType = text.plist.xml; path = Info.plist; sourceTree = "<group>"; };
		831F2D0D2276983600CA2226 /* Coordinator.swift */ = {isa = PBXFileReference; lastKnownFileType = sourcecode.swift; path = Coordinator.swift; sourceTree = "<group>"; };
		831F2D0F2276989F00CA2226 /* MainCoordinator.swift */ = {isa = PBXFileReference; lastKnownFileType = sourcecode.swift; path = MainCoordinator.swift; sourceTree = "<group>"; };
		831F2D1222769B2D00CA2226 /* HomeView.swift */ = {isa = PBXFileReference; lastKnownFileType = sourcecode.swift; path = HomeView.swift; sourceTree = "<group>"; };
		831F2D1522769DDF00CA2226 /* Header.swift */ = {isa = PBXFileReference; lastKnownFileType = sourcecode.swift; path = Header.swift; sourceTree = "<group>"; };
		831F2D1822769E1D00CA2226 /* UILabel+Factory.swift */ = {isa = PBXFileReference; lastKnownFileType = sourcecode.swift; path = "UILabel+Factory.swift"; sourceTree = "<group>"; };
		831F2D1B22769E7D00CA2226 /* UIView+Extensions.swift */ = {isa = PBXFileReference; lastKnownFileType = sourcecode.swift; path = "UIView+Extensions.swift"; sourceTree = "<group>"; };
		831F2D1D2276AADA00CA2226 /* UIButton+Factorty.swift */ = {isa = PBXFileReference; lastKnownFileType = sourcecode.swift; path = "UIButton+Factorty.swift"; sourceTree = "<group>"; };
		834B251B227BB15100EFC1E0 /* EditActivityCoordinator.swift */ = {isa = PBXFileReference; lastKnownFileType = sourcecode.swift; path = EditActivityCoordinator.swift; sourceTree = "<group>"; };
		834B251D227BB1A300EFC1E0 /* EditActivityController.swift */ = {isa = PBXFileReference; lastKnownFileType = sourcecode.swift; path = EditActivityController.swift; sourceTree = "<group>"; };
		834B2520227BC85400EFC1E0 /* EditActivityView.swift */ = {isa = PBXFileReference; lastKnownFileType = sourcecode.swift; path = EditActivityView.swift; sourceTree = "<group>"; };
		834B2522227BC96200EFC1E0 /* UITextField+Factory.swift */ = {isa = PBXFileReference; lastKnownFileType = sourcecode.swift; path = "UITextField+Factory.swift"; sourceTree = "<group>"; };
		834B2524227BD94000EFC1E0 /* AddActivityController.swift */ = {isa = PBXFileReference; lastKnownFileType = sourcecode.swift; path = AddActivityController.swift; sourceTree = "<group>"; };
		834B2527227BD95E00EFC1E0 /* AddActivityView.swift */ = {isa = PBXFileReference; lastKnownFileType = sourcecode.swift; path = AddActivityView.swift; sourceTree = "<group>"; };
		834B2529227BDBCF00EFC1E0 /* AddActivityCoordinator.swift */ = {isa = PBXFileReference; lastKnownFileType = sourcecode.swift; path = AddActivityCoordinator.swift; sourceTree = "<group>"; };
		839047B3228A63CA00C6EB99 /* UITextField+Extensions.swift */ = {isa = PBXFileReference; lastKnownFileType = sourcecode.swift; path = "UITextField+Extensions.swift"; sourceTree = "<group>"; };
		83B484552283954E002EA854 /* TripEditor.swift */ = {isa = PBXFileReference; lastKnownFileType = sourcecode.swift; path = TripEditor.swift; sourceTree = "<group>"; };
		83B484572283E352002EA854 /* DataManager.swift */ = {isa = PBXFileReference; lastKnownFileType = sourcecode.swift; path = DataManager.swift; sourceTree = "<group>"; };
		83DB9026227E4093003A68DE /* AddTripView.swift */ = {isa = PBXFileReference; lastKnownFileType = sourcecode.swift; path = AddTripView.swift; sourceTree = "<group>"; };
		83DB902B227EA84C003A68DE /* DateFormatter+Factory.swift */ = {isa = PBXFileReference; lastKnownFileType = sourcecode.swift; path = "DateFormatter+Factory.swift"; sourceTree = "<group>"; };
		83DB902D227EAB8B003A68DE /* DatePicker+Factory.swift */ = {isa = PBXFileReference; lastKnownFileType = sourcecode.swift; path = "DatePicker+Factory.swift"; sourceTree = "<group>"; };
		83DB902F227EB313003A68DE /* ToolBar+Factory.swift */ = {isa = PBXFileReference; lastKnownFileType = sourcecode.swift; path = "ToolBar+Factory.swift"; sourceTree = "<group>"; };
		83DB903222811CBF003A68DE /* TextFieldTypes.swift */ = {isa = PBXFileReference; lastKnownFileType = sourcecode.swift; path = TextFieldTypes.swift; sourceTree = "<group>"; };
		83DB903422811D43003A68DE /* TextFieldValidators.swift */ = {isa = PBXFileReference; lastKnownFileType = sourcecode.swift; path = TextFieldValidators.swift; sourceTree = "<group>"; };
		83E11A20228F65C300F0DC91 /* UIVIewController+Extensions.swift */ = {isa = PBXFileReference; lastKnownFileType = sourcecode.swift; path = "UIVIewController+Extensions.swift"; sourceTree = "<group>"; };
		83E20B30228CB8E000CEAA95 /* String+Extensions.swift */ = {isa = PBXFileReference; lastKnownFileType = sourcecode.swift; path = "String+Extensions.swift"; sourceTree = "<group>"; };
		83E20B33228CEA9500CEAA95 /* Colors.swift */ = {isa = PBXFileReference; lastKnownFileType = sourcecode.swift; path = Colors.swift; sourceTree = "<group>"; };
		83E20B35228CED4800CEAA95 /* Fonts.swift */ = {isa = PBXFileReference; lastKnownFileType = sourcecode.swift; path = Fonts.swift; sourceTree = "<group>"; };
		83E20B37228CF2FC00CEAA95 /* OverlayViewFactory.swift */ = {isa = PBXFileReference; lastKnownFileType = sourcecode.swift; path = OverlayViewFactory.swift; sourceTree = "<group>"; };
		83E20B3B228D0FD800CEAA95 /* UIImageView+Extensions.swift */ = {isa = PBXFileReference; lastKnownFileType = sourcecode.swift; path = "UIImageView+Extensions.swift"; sourceTree = "<group>"; };
		83E20B3D228D110300CEAA95 /* UIImageViewFactory.swift */ = {isa = PBXFileReference; lastKnownFileType = sourcecode.swift; path = UIImageViewFactory.swift; sourceTree = "<group>"; };
		83FA67A62277B20B00250D4D /* Trip.swift */ = {isa = PBXFileReference; lastKnownFileType = sourcecode.swift; path = Trip.swift; sourceTree = "<group>"; };
		83FA67A82277D09F00250D4D /* AddTripCoordinator.swift */ = {isa = PBXFileReference; lastKnownFileType = sourcecode.swift; path = AddTripCoordinator.swift; sourceTree = "<group>"; };
		83FA67AA2277D11E00250D4D /* AddTripController.swift */ = {isa = PBXFileReference; lastKnownFileType = sourcecode.swift; path = AddTripController.swift; sourceTree = "<group>"; };
		83FA67AE22792AA500250D4D /* EmptyView.swift */ = {isa = PBXFileReference; lastKnownFileType = sourcecode.swift; path = EmptyView.swift; sourceTree = "<group>"; };
		83FA67B1227A2A7100250D4D /* TripsDataSource.swift */ = {isa = PBXFileReference; lastKnownFileType = sourcecode.swift; path = TripsDataSource.swift; sourceTree = "<group>"; };
		83FA67B3227A4CCF00250D4D /* TripOverviewCoordinator.swift */ = {isa = PBXFileReference; lastKnownFileType = sourcecode.swift; path = TripOverviewCoordinator.swift; sourceTree = "<group>"; };
		83FA67B5227A4D1200250D4D /* TripOverviewController.swift */ = {isa = PBXFileReference; lastKnownFileType = sourcecode.swift; path = TripOverviewController.swift; sourceTree = "<group>"; };
		83FA67B7227A584700250D4D /* TripCell.swift */ = {isa = PBXFileReference; lastKnownFileType = sourcecode.swift; path = TripCell.swift; sourceTree = "<group>"; };
		83FA67BA227A60F500250D4D /* TripOverviewView.swift */ = {isa = PBXFileReference; lastKnownFileType = sourcecode.swift; path = TripOverviewView.swift; sourceTree = "<group>"; };
		83FA67BC227A6EDE00250D4D /* Activity.swift */ = {isa = PBXFileReference; lastKnownFileType = sourcecode.swift; path = Activity.swift; sourceTree = "<group>"; };
		83FA67BE227A720A00250D4D /* ActivityDataSource.swift */ = {isa = PBXFileReference; lastKnownFileType = sourcecode.swift; path = ActivityDataSource.swift; sourceTree = "<group>"; };
		83FA67C0227A736500250D4D /* ActivityCell.swift */ = {isa = PBXFileReference; lastKnownFileType = sourcecode.swift; path = ActivityCell.swift; sourceTree = "<group>"; };
/* End PBXFileReference section */

/* Begin PBXFrameworksBuildPhase section */
		831F2CE62276977400CA2226 /* Frameworks */ = {
			isa = PBXFrameworksBuildPhase;
			buildActionMask = 2147483647;
			files = (
			);
			runOnlyForDeploymentPostprocessing = 0;
		};
		831F2CFA2276977600CA2226 /* Frameworks */ = {
			isa = PBXFrameworksBuildPhase;
			buildActionMask = 2147483647;
			files = (
			);
			runOnlyForDeploymentPostprocessing = 0;
		};
/* End PBXFrameworksBuildPhase section */

/* Begin PBXGroup section */
		831F2CE02276977400CA2226 = {
			isa = PBXGroup;
			children = (
				831F2CEB2276977400CA2226 /* TravelPlanner */,
				831F2D002276977600CA2226 /* TravelPlannerTests */,
				831F2CEA2276977400CA2226 /* Products */,
			);
			sourceTree = "<group>";
		};
		831F2CEA2276977400CA2226 /* Products */ = {
			isa = PBXGroup;
			children = (
				831F2CE92276977400CA2226 /* TravelPlanner.app */,
				831F2CFD2276977600CA2226 /* TravelPlannerTests.xctest */,
			);
			name = Products;
			sourceTree = "<group>";
		};
		831F2CEB2276977400CA2226 /* TravelPlanner */ = {
			isa = PBXGroup;
			children = (
				83E20B32228CEA8600CEAA95 /* Constants */,
				831F2D1A22769E6E00CA2226 /* Extensions */,
				83DB903122811CA8003A68DE /* Helpers */,
				831F2D1722769E0900CA2226 /* Factories */,
				831F2D0C2276982400CA2226 /* Coordinators */,
				83FA67B0227A2A4400250D4D /* DataSource */,
				83FA67A22277B10800250D4D /* DataManaging */,
				83FA67A52277B20400250D4D /* Model */,
				831F2D1122769B1C00CA2226 /* View */,
				83FA67A12277B0F000250D4D /* Controller */,
				831F2CEC2276977400CA2226 /* AppDelegate.swift */,
				831F2CF32276977600CA2226 /* Assets.xcassets */,
				831F2CF52276977600CA2226 /* LaunchScreen.storyboard */,
				831F2CF82276977600CA2226 /* Info.plist */,
			);
			path = TravelPlanner;
			sourceTree = "<group>";
		};
		831F2D002276977600CA2226 /* TravelPlannerTests */ = {
			isa = PBXGroup;
			children = (
				831F2D012276977600CA2226 /* HeaderViewTests.swift */,
				831F2D032276977600CA2226 /* Info.plist */,
			);
			path = TravelPlannerTests;
			sourceTree = "<group>";
		};
		831F2D0C2276982400CA2226 /* Coordinators */ = {
			isa = PBXGroup;
			children = (
				831F2D0D2276983600CA2226 /* Coordinator.swift */,
				831F2D0F2276989F00CA2226 /* MainCoordinator.swift */,
				83FA67A82277D09F00250D4D /* AddTripCoordinator.swift */,
				83FA67B3227A4CCF00250D4D /* TripOverviewCoordinator.swift */,
				834B251B227BB15100EFC1E0 /* EditActivityCoordinator.swift */,
				834B2529227BDBCF00EFC1E0 /* AddActivityCoordinator.swift */,
			);
			path = Coordinators;
			sourceTree = "<group>";
		};
		831F2D1122769B1C00CA2226 /* View */ = {
			isa = PBXGroup;
			children = (
				83DB9025227E4083003A68DE /* AddTripView */,
				834B2526227BD95000EFC1E0 /* AddActivityView */,
				834B251F227BC84600EFC1E0 /* EditActivityView */,
				83FA67B9227A60EA00250D4D /* TripOverviewView */,
				831F2D1422769DD700CA2226 /* Header */,
				83FA67AC22792A8200250D4D /* Home */,
				83FA67AD22792A9000250D4D /* EmptyView */,
				83FA67B7227A584700250D4D /* TripCell.swift */,
			);
			path = View;
			sourceTree = "<group>";
		};
		831F2D1422769DD700CA2226 /* Header */ = {
			isa = PBXGroup;
			children = (
				831F2D1522769DDF00CA2226 /* Header.swift */,
			);
			path = Header;
			sourceTree = "<group>";
		};
		831F2D1722769E0900CA2226 /* Factories */ = {
			isa = PBXGroup;
			children = (
				831F2D1822769E1D00CA2226 /* UILabel+Factory.swift */,
				831F2D1D2276AADA00CA2226 /* UIButton+Factorty.swift */,
				834B2522227BC96200EFC1E0 /* UITextField+Factory.swift */,
				83DB902B227EA84C003A68DE /* DateFormatter+Factory.swift */,
				83DB902D227EAB8B003A68DE /* DatePicker+Factory.swift */,
				83DB902F227EB313003A68DE /* ToolBar+Factory.swift */,
				83E20B37228CF2FC00CEAA95 /* OverlayViewFactory.swift */,
				83E20B3D228D110300CEAA95 /* UIImageViewFactory.swift */,
			);
			path = Factories;
			sourceTree = "<group>";
		};
		831F2D1A22769E6E00CA2226 /* Extensions */ = {
			isa = PBXGroup;
			children = (
				831F2D1B22769E7D00CA2226 /* UIView+Extensions.swift */,
				839047B3228A63CA00C6EB99 /* UITextField+Extensions.swift */,
				83E20B30228CB8E000CEAA95 /* String+Extensions.swift */,
				83E20B3B228D0FD800CEAA95 /* UIImageView+Extensions.swift */,
				83E11A20228F65C300F0DC91 /* UIVIewController+Extensions.swift */,
			);
			path = Extensions;
			sourceTree = "<group>";
		};
		834B251F227BC84600EFC1E0 /* EditActivityView */ = {
			isa = PBXGroup;
			children = (
				834B2520227BC85400EFC1E0 /* EditActivityView.swift */,
			);
			path = EditActivityView;
			sourceTree = "<group>";
		};
		834B2526227BD95000EFC1E0 /* AddActivityView */ = {
			isa = PBXGroup;
			children = (
				834B2527227BD95E00EFC1E0 /* AddActivityView.swift */,
			);
			path = AddActivityView;
			sourceTree = "<group>";
		};
		83DB9025227E4083003A68DE /* AddTripView */ = {
			isa = PBXGroup;
			children = (
				83DB9026227E4093003A68DE /* AddTripView.swift */,
			);
			path = AddTripView;
			sourceTree = "<group>";
		};
		83DB903122811CA8003A68DE /* Helpers */ = {
			isa = PBXGroup;
			children = (
				83DB903222811CBF003A68DE /* TextFieldTypes.swift */,
				83DB903422811D43003A68DE /* TextFieldValidators.swift */,
			);
			path = Helpers;
			sourceTree = "<group>";
		};
		83E20B32228CEA8600CEAA95 /* Constants */ = {
			isa = PBXGroup;
			children = (
				83E20B33228CEA9500CEAA95 /* Colors.swift */,
				83E20B35228CED4800CEAA95 /* Fonts.swift */,
			);
			path = Constants;
			sourceTree = "<group>";
		};
		83FA67A12277B0F000250D4D /* Controller */ = {
			isa = PBXGroup;
			children = (
				831F2CEE2276977400CA2226 /* HomeController.swift */,
				83FA67AA2277D11E00250D4D /* AddTripController.swift */,
				83FA67B5227A4D1200250D4D /* TripOverviewController.swift */,
				834B251D227BB1A300EFC1E0 /* EditActivityController.swift */,
				834B2524227BD94000EFC1E0 /* AddActivityController.swift */,
			);
			path = Controller;
			sourceTree = "<group>";
		};
		83FA67A22277B10800250D4D /* DataManaging */ = {
			isa = PBXGroup;
			children = (
				83B484552283954E002EA854 /* TripEditor.swift */,
				83B484572283E352002EA854 /* DataManager.swift */,
			);
			path = DataManaging;
			sourceTree = "<group>";
		};
		83FA67A52277B20400250D4D /* Model */ = {
			isa = PBXGroup;
			children = (
				83FA67A62277B20B00250D4D /* Trip.swift */,
				83FA67BC227A6EDE00250D4D /* Activity.swift */,
			);
			path = Model;
			sourceTree = "<group>";
		};
		83FA67AC22792A8200250D4D /* Home */ = {
			isa = PBXGroup;
			children = (
				831F2D1222769B2D00CA2226 /* HomeView.swift */,
			);
			path = Home;
			sourceTree = "<group>";
		};
		83FA67AD22792A9000250D4D /* EmptyView */ = {
			isa = PBXGroup;
			children = (
				83FA67AE22792AA500250D4D /* EmptyView.swift */,
			);
			path = EmptyView;
			sourceTree = "<group>";
		};
		83FA67B0227A2A4400250D4D /* DataSource */ = {
			isa = PBXGroup;
			children = (
				83FA67B1227A2A7100250D4D /* TripsDataSource.swift */,
				83FA67BE227A720A00250D4D /* ActivityDataSource.swift */,
			);
			path = DataSource;
			sourceTree = "<group>";
		};
		83FA67B9227A60EA00250D4D /* TripOverviewView */ = {
			isa = PBXGroup;
			children = (
				83FA67BA227A60F500250D4D /* TripOverviewView.swift */,
				83FA67C0227A736500250D4D /* ActivityCell.swift */,
			);
			path = TripOverviewView;
			sourceTree = "<group>";
		};
/* End PBXGroup section */

/* Begin PBXNativeTarget section */
		831F2CE82276977400CA2226 /* TravelPlanner */ = {
			isa = PBXNativeTarget;
			buildConfigurationList = 831F2D062276977600CA2226 /* Build configuration list for PBXNativeTarget "TravelPlanner" */;
			buildPhases = (
				831F2CE52276977400CA2226 /* Sources */,
				831F2CE62276977400CA2226 /* Frameworks */,
				831F2CE72276977400CA2226 /* Resources */,
			);
			buildRules = (
			);
			dependencies = (
			);
			name = TravelPlanner;
			productName = TravelPlanner;
			productReference = 831F2CE92276977400CA2226 /* TravelPlanner.app */;
			productType = "com.apple.product-type.application";
		};
		831F2CFC2276977600CA2226 /* TravelPlannerTests */ = {
			isa = PBXNativeTarget;
			buildConfigurationList = 831F2D092276977600CA2226 /* Build configuration list for PBXNativeTarget "TravelPlannerTests" */;
			buildPhases = (
				831F2CF92276977600CA2226 /* Sources */,
				831F2CFA2276977600CA2226 /* Frameworks */,
				831F2CFB2276977600CA2226 /* Resources */,
			);
			buildRules = (
			);
			dependencies = (
				831F2CFF2276977600CA2226 /* PBXTargetDependency */,
			);
			name = TravelPlannerTests;
			productName = TravelPlannerTests;
			productReference = 831F2CFD2276977600CA2226 /* TravelPlannerTests.xctest */;
			productType = "com.apple.product-type.bundle.unit-test";
		};
/* End PBXNativeTarget section */

/* Begin PBXProject section */
		831F2CE12276977400CA2226 /* Project object */ = {
			isa = PBXProject;
			attributes = {
				LastSwiftUpdateCheck = 1020;
				LastUpgradeCheck = 1020;
				ORGANIZATIONNAME = "christopher downey";
				TargetAttributes = {
					831F2CE82276977400CA2226 = {
						CreatedOnToolsVersion = 10.2.1;
					};
					831F2CFC2276977600CA2226 = {
						CreatedOnToolsVersion = 10.2.1;
						TestTargetID = 831F2CE82276977400CA2226;
					};
				};
			};
			buildConfigurationList = 831F2CE42276977400CA2226 /* Build configuration list for PBXProject "TravelPlanner" */;
			compatibilityVersion = "Xcode 9.3";
			developmentRegion = en;
			hasScannedForEncodings = 0;
			knownRegions = (
				en,
				Base,
			);
			mainGroup = 831F2CE02276977400CA2226;
			productRefGroup = 831F2CEA2276977400CA2226 /* Products */;
			projectDirPath = "";
			projectRoot = "";
			targets = (
				831F2CE82276977400CA2226 /* TravelPlanner */,
				831F2CFC2276977600CA2226 /* TravelPlannerTests */,
			);
		};
/* End PBXProject section */

/* Begin PBXResourcesBuildPhase section */
		831F2CE72276977400CA2226 /* Resources */ = {
			isa = PBXResourcesBuildPhase;
			buildActionMask = 2147483647;
			files = (
				831F2CF72276977600CA2226 /* LaunchScreen.storyboard in Resources */,
				831F2CF42276977600CA2226 /* Assets.xcassets in Resources */,
			);
			runOnlyForDeploymentPostprocessing = 0;
		};
		831F2CFB2276977600CA2226 /* Resources */ = {
			isa = PBXResourcesBuildPhase;
			buildActionMask = 2147483647;
			files = (
			);
			runOnlyForDeploymentPostprocessing = 0;
		};
/* End PBXResourcesBuildPhase section */

/* Begin PBXSourcesBuildPhase section */
		831F2CE52276977400CA2226 /* Sources */ = {
			isa = PBXSourcesBuildPhase;
			buildActionMask = 2147483647;
			files = (
				83FA67C1227A736500250D4D /* ActivityCell.swift in Sources */,
				834B2528227BD95E00EFC1E0 /* AddActivityView.swift in Sources */,
				83E20B3E228D110300CEAA95 /* UIImageViewFactory.swift in Sources */,
				834B2521227BC85400EFC1E0 /* EditActivityView.swift in Sources */,
				834B251E227BB1A300EFC1E0 /* EditActivityController.swift in Sources */,
				83FA67A72277B20B00250D4D /* Trip.swift in Sources */,
				83FA67B6227A4D1200250D4D /* TripOverviewController.swift in Sources */,
				83DB902C227EA84C003A68DE /* DateFormatter+Factory.swift in Sources */,
				83FA67BF227A720A00250D4D /* ActivityDataSource.swift in Sources */,
				83FA67AB2277D11E00250D4D /* AddTripController.swift in Sources */,
				839047B4228A63CA00C6EB99 /* UITextField+Extensions.swift in Sources */,
				831F2CEF2276977400CA2226 /* HomeController.swift in Sources */,
				831F2D102276989F00CA2226 /* MainCoordinator.swift in Sources */,
				831F2CED2276977400CA2226 /* AppDelegate.swift in Sources */,
				83DB9027227E4093003A68DE /* AddTripView.swift in Sources */,
				831F2D1322769B2D00CA2226 /* HomeView.swift in Sources */,
				831F2D1622769DDF00CA2226 /* Header.swift in Sources */,
				83E20B36228CED4800CEAA95 /* Fonts.swift in Sources */,
				83FA67BB227A60F500250D4D /* TripOverviewView.swift in Sources */,
				83FA67BD227A6EDE00250D4D /* Activity.swift in Sources */,
				83E20B38228CF2FC00CEAA95 /* OverlayViewFactory.swift in Sources */,
				83DB902E227EAB8B003A68DE /* DatePicker+Factory.swift in Sources */,
				831F2D1E2276AADA00CA2226 /* UIButton+Factorty.swift in Sources */,
				83FA67B4227A4CCF00250D4D /* TripOverviewCoordinator.swift in Sources */,
				831F2D0E2276983600CA2226 /* Coordinator.swift in Sources */,
				83DB903522811D43003A68DE /* TextFieldValidators.swift in Sources */,
				834B2525227BD94000EFC1E0 /* AddActivityController.swift in Sources */,
				834B2523227BC96200EFC1E0 /* UITextField+Factory.swift in Sources */,
				83B484582283E352002EA854 /* DataManager.swift in Sources */,
				83B484562283954E002EA854 /* TripEditor.swift in Sources */,
				834B252A227BDBCF00EFC1E0 /* AddActivityCoordinator.swift in Sources */,
				834B251C227BB15100EFC1E0 /* EditActivityCoordinator.swift in Sources */,
				83E11A21228F65C300F0DC91 /* UIVIewController+Extensions.swift in Sources */,
				83DB9030227EB313003A68DE /* ToolBar+Factory.swift in Sources */,
				83DB903322811CBF003A68DE /* TextFieldTypes.swift in Sources */,
				831F2D1C22769E7D00CA2226 /* UIView+Extensions.swift in Sources */,
				83E20B31228CB8E000CEAA95 /* String+Extensions.swift in Sources */,
				83FA67A92277D09F00250D4D /* AddTripCoordinator.swift in Sources */,
				83E20B3C228D0FD800CEAA95 /* UIImageView+Extensions.swift in Sources */,
				83E20B34228CEA9500CEAA95 /* Colors.swift in Sources */,
				83FA67AF22792AA500250D4D /* EmptyView.swift in Sources */,
				83FA67B2227A2A7100250D4D /* TripsDataSource.swift in Sources */,
				83FA67B8227A584700250D4D /* TripCell.swift in Sources */,
				831F2D1922769E1D00CA2226 /* UILabel+Factory.swift in Sources */,
			);
			runOnlyForDeploymentPostprocessing = 0;
		};
		831F2CF92276977600CA2226 /* Sources */ = {
			isa = PBXSourcesBuildPhase;
			buildActionMask = 2147483647;
			files = (
				831F2D022276977600CA2226 /* HeaderViewTests.swift in Sources */,
			);
			runOnlyForDeploymentPostprocessing = 0;
		};
/* End PBXSourcesBuildPhase section */

/* Begin PBXTargetDependency section */
		831F2CFF2276977600CA2226 /* PBXTargetDependency */ = {
			isa = PBXTargetDependency;
			target = 831F2CE82276977400CA2226 /* TravelPlanner */;
			targetProxy = 831F2CFE2276977600CA2226 /* PBXContainerItemProxy */;
		};
/* End PBXTargetDependency section */

/* Begin PBXVariantGroup section */
		831F2CF52276977600CA2226 /* LaunchScreen.storyboard */ = {
			isa = PBXVariantGroup;
			children = (
				831F2CF62276977600CA2226 /* Base */,
			);
			name = LaunchScreen.storyboard;
			sourceTree = "<group>";
		};
/* End PBXVariantGroup section */

/* Begin XCBuildConfiguration section */
		831F2D042276977600CA2226 /* Debug */ = {
			isa = XCBuildConfiguration;
			buildSettings = {
				ALWAYS_SEARCH_USER_PATHS = NO;
				CLANG_ANALYZER_NONNULL = YES;
				CLANG_ANALYZER_NUMBER_OBJECT_CONVERSION = YES_AGGRESSIVE;
				CLANG_CXX_LANGUAGE_STANDARD = "gnu++14";
				CLANG_CXX_LIBRARY = "libc++";
				CLANG_ENABLE_MODULES = YES;
				CLANG_ENABLE_OBJC_ARC = YES;
				CLANG_ENABLE_OBJC_WEAK = YES;
				CLANG_WARN_BLOCK_CAPTURE_AUTORELEASING = YES;
				CLANG_WARN_BOOL_CONVERSION = YES;
				CLANG_WARN_COMMA = YES;
				CLANG_WARN_CONSTANT_CONVERSION = YES;
				CLANG_WARN_DEPRECATED_OBJC_IMPLEMENTATIONS = YES;
				CLANG_WARN_DIRECT_OBJC_ISA_USAGE = YES_ERROR;
				CLANG_WARN_DOCUMENTATION_COMMENTS = YES;
				CLANG_WARN_EMPTY_BODY = YES;
				CLANG_WARN_ENUM_CONVERSION = YES;
				CLANG_WARN_INFINITE_RECURSION = YES;
				CLANG_WARN_INT_CONVERSION = YES;
				CLANG_WARN_NON_LITERAL_NULL_CONVERSION = YES;
				CLANG_WARN_OBJC_IMPLICIT_RETAIN_SELF = YES;
				CLANG_WARN_OBJC_LITERAL_CONVERSION = YES;
				CLANG_WARN_OBJC_ROOT_CLASS = YES_ERROR;
				CLANG_WARN_RANGE_LOOP_ANALYSIS = YES;
				CLANG_WARN_STRICT_PROTOTYPES = YES;
				CLANG_WARN_SUSPICIOUS_MOVE = YES;
				CLANG_WARN_UNGUARDED_AVAILABILITY = YES_AGGRESSIVE;
				CLANG_WARN_UNREACHABLE_CODE = YES;
				CLANG_WARN__DUPLICATE_METHOD_MATCH = YES;
				CODE_SIGN_IDENTITY = "iPhone Developer";
				COPY_PHASE_STRIP = NO;
				DEBUG_INFORMATION_FORMAT = dwarf;
				ENABLE_STRICT_OBJC_MSGSEND = YES;
				ENABLE_TESTABILITY = YES;
				GCC_C_LANGUAGE_STANDARD = gnu11;
				GCC_DYNAMIC_NO_PIC = NO;
				GCC_NO_COMMON_BLOCKS = YES;
				GCC_OPTIMIZATION_LEVEL = 0;
				GCC_PREPROCESSOR_DEFINITIONS = (
					"DEBUG=1",
					"$(inherited)",
				);
				GCC_WARN_64_TO_32_BIT_CONVERSION = YES;
				GCC_WARN_ABOUT_RETURN_TYPE = YES_ERROR;
				GCC_WARN_UNDECLARED_SELECTOR = YES;
				GCC_WARN_UNINITIALIZED_AUTOS = YES_AGGRESSIVE;
				GCC_WARN_UNUSED_FUNCTION = YES;
				GCC_WARN_UNUSED_VARIABLE = YES;
				IPHONEOS_DEPLOYMENT_TARGET = 12.2;
				MTL_ENABLE_DEBUG_INFO = INCLUDE_SOURCE;
				MTL_FAST_MATH = YES;
				ONLY_ACTIVE_ARCH = YES;
				SDKROOT = iphoneos;
				SWIFT_ACTIVE_COMPILATION_CONDITIONS = DEBUG;
				SWIFT_OPTIMIZATION_LEVEL = "-Onone";
			};
			name = Debug;
		};
		831F2D052276977600CA2226 /* Release */ = {
			isa = XCBuildConfiguration;
			buildSettings = {
				ALWAYS_SEARCH_USER_PATHS = NO;
				CLANG_ANALYZER_NONNULL = YES;
				CLANG_ANALYZER_NUMBER_OBJECT_CONVERSION = YES_AGGRESSIVE;
				CLANG_CXX_LANGUAGE_STANDARD = "gnu++14";
				CLANG_CXX_LIBRARY = "libc++";
				CLANG_ENABLE_MODULES = YES;
				CLANG_ENABLE_OBJC_ARC = YES;
				CLANG_ENABLE_OBJC_WEAK = YES;
				CLANG_WARN_BLOCK_CAPTURE_AUTORELEASING = YES;
				CLANG_WARN_BOOL_CONVERSION = YES;
				CLANG_WARN_COMMA = YES;
				CLANG_WARN_CONSTANT_CONVERSION = YES;
				CLANG_WARN_DEPRECATED_OBJC_IMPLEMENTATIONS = YES;
				CLANG_WARN_DIRECT_OBJC_ISA_USAGE = YES_ERROR;
				CLANG_WARN_DOCUMENTATION_COMMENTS = YES;
				CLANG_WARN_EMPTY_BODY = YES;
				CLANG_WARN_ENUM_CONVERSION = YES;
				CLANG_WARN_INFINITE_RECURSION = YES;
				CLANG_WARN_INT_CONVERSION = YES;
				CLANG_WARN_NON_LITERAL_NULL_CONVERSION = YES;
				CLANG_WARN_OBJC_IMPLICIT_RETAIN_SELF = YES;
				CLANG_WARN_OBJC_LITERAL_CONVERSION = YES;
				CLANG_WARN_OBJC_ROOT_CLASS = YES_ERROR;
				CLANG_WARN_RANGE_LOOP_ANALYSIS = YES;
				CLANG_WARN_STRICT_PROTOTYPES = YES;
				CLANG_WARN_SUSPICIOUS_MOVE = YES;
				CLANG_WARN_UNGUARDED_AVAILABILITY = YES_AGGRESSIVE;
				CLANG_WARN_UNREACHABLE_CODE = YES;
				CLANG_WARN__DUPLICATE_METHOD_MATCH = YES;
				CODE_SIGN_IDENTITY = "iPhone Developer";
				COPY_PHASE_STRIP = NO;
				DEBUG_INFORMATION_FORMAT = "dwarf-with-dsym";
				ENABLE_NS_ASSERTIONS = NO;
				ENABLE_STRICT_OBJC_MSGSEND = YES;
				GCC_C_LANGUAGE_STANDARD = gnu11;
				GCC_NO_COMMON_BLOCKS = YES;
				GCC_WARN_64_TO_32_BIT_CONVERSION = YES;
				GCC_WARN_ABOUT_RETURN_TYPE = YES_ERROR;
				GCC_WARN_UNDECLARED_SELECTOR = YES;
				GCC_WARN_UNINITIALIZED_AUTOS = YES_AGGRESSIVE;
				GCC_WARN_UNUSED_FUNCTION = YES;
				GCC_WARN_UNUSED_VARIABLE = YES;
				IPHONEOS_DEPLOYMENT_TARGET = 12.2;
				MTL_ENABLE_DEBUG_INFO = NO;
				MTL_FAST_MATH = YES;
				SDKROOT = iphoneos;
				SWIFT_COMPILATION_MODE = wholemodule;
				SWIFT_OPTIMIZATION_LEVEL = "-O";
				VALIDATE_PRODUCT = YES;
			};
			name = Release;
		};
		831F2D072276977600CA2226 /* Debug */ = {
			isa = XCBuildConfiguration;
			buildSettings = {
				ASSETCATALOG_COMPILER_APPICON_NAME = AppIcon;
				CODE_SIGN_STYLE = Automatic;
				DEVELOPMENT_TEAM = AKA8832466;
				INFOPLIST_FILE = TravelPlanner/Info.plist;
				LD_RUNPATH_SEARCH_PATHS = (
					"$(inherited)",
					"@executable_path/Frameworks",
				);
				PRODUCT_BUNDLE_IDENTIFIER = com.chris.TravelPlanner;
				PRODUCT_NAME = "$(TARGET_NAME)";
				SWIFT_VERSION = 5.0;
				TARGETED_DEVICE_FAMILY = 1;
			};
			name = Debug;
		};
		831F2D082276977600CA2226 /* Release */ = {
			isa = XCBuildConfiguration;
			buildSettings = {
				ASSETCATALOG_COMPILER_APPICON_NAME = AppIcon;
				CODE_SIGN_STYLE = Automatic;
				DEVELOPMENT_TEAM = AKA8832466;
				INFOPLIST_FILE = TravelPlanner/Info.plist;
				LD_RUNPATH_SEARCH_PATHS = (
					"$(inherited)",
					"@executable_path/Frameworks",
				);
				PRODUCT_BUNDLE_IDENTIFIER = com.chris.TravelPlanner;
				PRODUCT_NAME = "$(TARGET_NAME)";
				SWIFT_VERSION = 5.0;
				TARGETED_DEVICE_FAMILY = 1;
			};
			name = Release;
		};
		831F2D0A2276977600CA2226 /* Debug */ = {
			isa = XCBuildConfiguration;
			buildSettings = {
				ALWAYS_EMBED_SWIFT_STANDARD_LIBRARIES = YES;
				BUNDLE_LOADER = "$(TEST_HOST)";
				CODE_SIGN_STYLE = Automatic;
				DEVELOPMENT_TEAM = AKA8832466;
				INFOPLIST_FILE = TravelPlannerTests/Info.plist;
				LD_RUNPATH_SEARCH_PATHS = (
					"$(inherited)",
					"@executable_path/Frameworks",
					"@loader_path/Frameworks",
				);
				PRODUCT_BUNDLE_IDENTIFIER = com.chris.TravelPlannerTests;
				PRODUCT_NAME = "$(TARGET_NAME)";
				SWIFT_VERSION = 5.0;
				TARGETED_DEVICE_FAMILY = "1,2";
				TEST_HOST = "$(BUILT_PRODUCTS_DIR)/TravelPlanner.app/TravelPlanner";
			};
			name = Debug;
		};
		831F2D0B2276977600CA2226 /* Release */ = {
			isa = XCBuildConfiguration;
			buildSettings = {
				ALWAYS_EMBED_SWIFT_STANDARD_LIBRARIES = YES;
				BUNDLE_LOADER = "$(TEST_HOST)";
				CODE_SIGN_STYLE = Automatic;
				DEVELOPMENT_TEAM = AKA8832466;
				INFOPLIST_FILE = TravelPlannerTests/Info.plist;
				LD_RUNPATH_SEARCH_PATHS = (
					"$(inherited)",
					"@executable_path/Frameworks",
					"@loader_path/Frameworks",
				);
				PRODUCT_BUNDLE_IDENTIFIER = com.chris.TravelPlannerTests;
				PRODUCT_NAME = "$(TARGET_NAME)";
				SWIFT_VERSION = 5.0;
				TARGETED_DEVICE_FAMILY = "1,2";
				TEST_HOST = "$(BUILT_PRODUCTS_DIR)/TravelPlanner.app/TravelPlanner";
			};
			name = Release;
		};
/* End XCBuildConfiguration section */

/* Begin XCConfigurationList section */
		831F2CE42276977400CA2226 /* Build configuration list for PBXProject "TravelPlanner" */ = {
			isa = XCConfigurationList;
			buildConfigurations = (
				831F2D042276977600CA2226 /* Debug */,
				831F2D052276977600CA2226 /* Release */,
			);
			defaultConfigurationIsVisible = 0;
			defaultConfigurationName = Release;
		};
		831F2D062276977600CA2226 /* Build configuration list for PBXNativeTarget "TravelPlanner" */ = {
			isa = XCConfigurationList;
			buildConfigurations = (
				831F2D072276977600CA2226 /* Debug */,
				831F2D082276977600CA2226 /* Release */,
			);
			defaultConfigurationIsVisible = 0;
			defaultConfigurationName = Release;
		};
		831F2D092276977600CA2226 /* Build configuration list for PBXNativeTarget "TravelPlannerTests" */ = {
			isa = XCConfigurationList;
			buildConfigurations = (
				831F2D0A2276977600CA2226 /* Debug */,
				831F2D0B2276977600CA2226 /* Release */,
			);
			defaultConfigurationIsVisible = 0;
			defaultConfigurationName = Release;
		};
/* End XCConfigurationList section */
	};
	rootObject = 831F2CE12276977400CA2226 /* Project object */;
}
